
Microsoft Visual Studio Solution File, Format Version 12.00
# Visual Studio Version 17
VisualStudioVersion = 17.6.33815.320
MinimumVisualStudioVersion = 10.0.40219.1
Project("{8BC9CEB8-8B4A-11D0-8D11-00A0C91BC942}") = "libyara", "libyara\libyara.vcxproj", "{E236CE39-D8F3-4DB6-985C-F2794FF17746}"
EndProject
Project("{8BC9CEB8-8B4A-11D0-8D11-00A0C91BC942}") = "yaraCdef", "yaraCdef\yaraCdef.vcxproj", "{2DFD6E84-4032-470E-8709-3765FBDF1CF4}"
EndProject
Global
	GlobalSection(SolutionConfigurationPlatforms) = preSolution
		Debug|x64 = Debug|x64
		Debug|x86 = Debug|x86
		Release|x64 = Release|x64
		Release|x86 = Release|x86
	EndGlobalSection
	GlobalSection(ProjectConfigurationPlatforms) = postSolution
		{E236CE39-D8F3-4DB6-985C-F2794FF17746}.Debug|x64.ActiveCfg = Debug|x64
		{E236CE39-D8F3-4DB6-985C-F2794FF17746}.Debug|x64.Build.0 = Debug|x64
		{E236CE39-D8F3-4DB6-985C-F2794FF17746}.Debug|x86.ActiveCfg = Debug|Win32
		{E236CE39-D8F3-4DB6-985C-F2794FF17746}.Debug|x86.Build.0 = Debug|Win32
		{E236CE39-D8F3-4DB6-985C-F2794FF17746}.Release|x64.ActiveCfg = Release|x64
		{E236CE39-D8F3-4DB6-985C-F2794FF17746}.Release|x64.Build.0 = Release|x64
		{E236CE39-D8F3-4DB6-985C-F2794FF17746}.Release|x86.ActiveCfg = Release|Win32
		{E236CE39-D8F3-4DB6-985C-F2794FF17746}.Release|x86.Build.0 = Release|Win32
		{2DFD6E84-4032-470E-8709-3765FBDF1CF4}.Debug|x64.ActiveCfg = Debug|x64
		{2DFD6E84-4032-470E-8709-3765FBDF1CF4}.Debug|x64.Build.0 = Debug|x64
		{2DFD6E84-4032-470E-8709-3765FBDF1CF4}.Debug|x86.ActiveCfg = Debug|Win32
		{2DFD6E84-4032-470E-8709-3765FBDF1CF4}.Debug|x86.Build.0 = Debug|Win32
		{2DFD6E84-4032-470E-8709-3765FBDF1CF4}.Release|x64.ActiveCfg = Release|x64
		{2DFD6E84-4032-470E-8709-3765FBDF1CF4}.Release|x64.Build.0 = Release|x64
		{2DFD6E84-4032-470E-8709-3765FBDF1CF4}.Release|x86.ActiveCfg = Release|Win32
		{2DFD6E84-4032-470E-8709-3765FBDF1CF4}.Release|x86.Build.0 = Release|Win32
	EndGlobalSection
	GlobalSection(SolutionProperties) = preSolution
		HideSolutionNode = FALSE
	EndGlobalSection
	GlobalSection(ExtensibilityGlobals) = postSolution
		SolutionGuid = {D7CB6F93-40D3-4A0C-B171-C8589D0FE181}
	EndGlobalSection
EndGlobal
