<?xml version="1.0" encoding="utf-8"?>
<Project ToolsVersion="4.0" xmlns="http://schemas.microsoft.com/developer/msbuild/2003">
  <ItemGroup>
    <Filter Include="Arquivos de Origem">
      <UniqueIdentifier>{4FC737F1-C7A5-4376-A066-2A32D752A2FF}</UniqueIdentifier>
      <Extensions>cpp;c;cc;cxx;c++;cppm;ixx;def;odl;idl;hpj;bat;asm;asmx</Extensions>
    </Filter>
    <Filter Include="Arquivos de Cabeçalho">
      <UniqueIdentifier>{93995380-89BD-4b04-88EB-625FBE52EBFB}</UniqueIdentifier>
      <Extensions>h;hh;hpp;hxx;h++;hm;inl;inc;ipp;xsd</Extensions>
    </Filter>
    <Filter Include="Arquivos de Recurso">
      <UniqueIdentifier>{67DA6AB6-F800-4c08-8B7A-83BB121AAD01}</UniqueIdentifier>
      <Extensions>rc;ico;cur;bmp;dlg;rc2;rct;bin;rgs;gif;jpg;jpeg;jpe;resx;tiff;tif;png;wav;mfcribbon-ms</Extensions>
    </Filter>
    <Filter Include="Arquivos de Cabeçalho\Strategies">
      <UniqueIdentifier>{ed99f67c-209a-4e24-a553-ff3d36dce24f}</UniqueIdentifier>
    </Filter>
    <Filter Include="Arquivos de Origem\Strategies">
      <UniqueIdentifier>{42c375b7-285f-4c6d-8888-02aee360ba01}</UniqueIdentifier>
    </Filter>
  </ItemGroup>
  <ItemGroup>
    <ClCompile Include="Contradef.cpp">
      <Filter>Arquivos de Origem</Filter>
    </ClCompile>
    <ClCompile Include="Utils.cpp">
      <Filter>Arquivos de Origem</Filter>
    </ClCompile>
    <ClCompile Include="Instrumentation.cpp">
      <Filter>Arquivos de Origem</Filter>
    </ClCompile>
    <ClCompile Include="RegistryKeys.cpp">
      <Filter>Arquivos de Origem</Filter>
    </ClCompile>
    <ClCompile Include="ModulesDetection.cpp">
      <Filter>Arquivos de Origem</Filter>
    </ClCompile>
    <ClCompile Include="YaraContradef.cpp">
      <Filter>Arquivos de Origem</Filter>
    </ClCompile>
    <ClCompile Include="InstNtQueryVirtualMemory.h">
      <Filter>Arquivos de Cabeçalho\Strategies</Filter>
    </ClCompile>
    <ClCompile Include="InstBaseRegEnumKey.cpp">
      <Filter>Arquivos de Origem\Strategies</Filter>
    </ClCompile>
    <ClCompile Include="InstBaseRegOpenKey.cpp">
      <Filter>Arquivos de Origem\Strategies</Filter>
    </ClCompile>
    <ClCompile Include="InstBlockInput.cpp">
      <Filter>Arquivos de Origem\Strategies</Filter>
    </ClCompile>
    <ClCompile Include="InstCheckRemoteDebuggerPresent.cpp">
      <Filter>Arquivos de Origem\Strategies</Filter>
    </ClCompile>
    <ClCompile Include="InstCoCreateInstance.cpp">
      <Filter>Arquivos de Origem\Strategies</Filter>
    </ClCompile>
    <ClCompile Include="InstCreateProcess.cpp">
      <Filter>Arquivos de Origem\Strategies</Filter>
    </ClCompile>
    <ClCompile Include="InstCreateProcessAsUser.cpp">
      <Filter>Arquivos de Origem\Strategies</Filter>
    </ClCompile>
    <ClCompile Include="InstCreateService.cpp">
      <Filter>Arquivos de Origem\Strategies</Filter>
    </ClCompile>
    <ClCompile Include="InstEnumProcessModules.cpp">
      <Filter>Arquivos de Origem\Strategies</Filter>
    </ClCompile>
    <ClCompile Include="InstEnumProcessModulesEx.cpp">
      <Filter>Arquivos de Origem\Strategies</Filter>
    </ClCompile>
    <ClCompile Include="InstFindWindowA.cpp">
      <Filter>Arquivos de Origem\Strategies</Filter>
    </ClCompile>
    <ClCompile Include="InstFindWindowW.cpp">
      <Filter>Arquivos de Origem\Strategies</Filter>
    </ClCompile>
    <ClCompile Include="InstGetForegroundWindow.cpp">
      <Filter>Arquivos de Origem\Strategies</Filter>
    </ClCompile>
    <ClCompile Include="InstGetLocalTime.cpp">
      <Filter>Arquivos de Origem\Strategies</Filter>
    </ClCompile>
    <ClCompile Include="InstGetModuleFileNameA.cpp">
      <Filter>Arquivos de Origem\Strategies</Filter>
    </ClCompile>
    <ClCompile Include="InstGetModuleFileNameExA.cpp">
      <Filter>Arquivos de Origem\Strategies</Filter>
    </ClCompile>
    <ClCompile Include="InstGetModuleFileNameExW.cpp">
      <Filter>Arquivos de Origem\Strategies</Filter>
    </ClCompile>
    <ClCompile Include="InstGetModuleFileNameW.cpp">
      <Filter>Arquivos de Origem\Strategies</Filter>
    </ClCompile>
    <ClCompile Include="InstGetModuleHandleA.cpp">
      <Filter>Arquivos de Origem\Strategies</Filter>
    </ClCompile>
    <ClCompile Include="InstGetModuleHandleW.cpp">
      <Filter>Arquivos de Origem\Strategies</Filter>
    </ClCompile>
    <ClCompile Include="InstGetSystemTime.cpp">
      <Filter>Arquivos de Origem\Strategies</Filter>
    </ClCompile>
    <ClCompile Include="InstGetTickCount.cpp">
      <Filter>Arquivos de Origem\Strategies</Filter>
    </ClCompile>
    <ClCompile Include="InstGetTickCount64.cpp">
      <Filter>Arquivos de Origem\Strategies</Filter>
    </ClCompile>
    <ClCompile Include="InstGetWindowTextA.cpp">
      <Filter>Arquivos de Origem\Strategies</Filter>
    </ClCompile>
    <ClCompile Include="InstGetWindowTextW.cpp">
      <Filter>Arquivos de Origem\Strategies</Filter>
    </ClCompile>
    <ClCompile Include="InstIsDebuggerPresent.cpp">
      <Filter>Arquivos de Origem\Strategies</Filter>
    </ClCompile>
    <ClCompile Include="InstKiUserExceptionDispatcher.cpp">
      <Filter>Arquivos de Origem\Strategies</Filter>
    </ClCompile>
    <ClCompile Include="InstLoadLibrary.cpp">
      <Filter>Arquivos de Origem\Strategies</Filter>
    </ClCompile>
    <ClCompile Include="InstLoadLibraryEx.cpp">
      <Filter>Arquivos de Origem\Strategies</Filter>
    </ClCompile>
    <ClCompile Include="InstNtClose.cpp">
      <Filter>Arquivos de Origem\Strategies</Filter>
    </ClCompile>
    <ClCompile Include="InstNtContinue.cpp">
      <Filter>Arquivos de Origem\Strategies</Filter>
    </ClCompile>
    <ClCompile Include="InstNtCreateProcessEx.cpp">
      <Filter>Arquivos de Origem\Strategies</Filter>
    </ClCompile>
    <ClCompile Include="InstNtCreateThreadEx.cpp">
      <Filter>Arquivos de Origem\Strategies</Filter>
    </ClCompile>
    <ClCompile Include="InstNtCreateTimer2.cpp">
      <Filter>Arquivos de Origem\Strategies</Filter>
    </ClCompile>
    <ClCompile Include="InstNtEnumKey.cpp">
      <Filter>Arquivos de Origem\Strategies</Filter>
    </ClCompile>
    <ClCompile Include="InstNtGetContextThread.cpp">
      <Filter>Arquivos de Origem\Strategies</Filter>
    </ClCompile>
    <ClCompile Include="InstNtOpenProcess.cpp">
      <Filter>Arquivos de Origem\Strategies</Filter>
    </ClCompile>
    <ClCompile Include="InstNtQueryInformationThread.cpp">
      <Filter>Arquivos de Origem\Strategies</Filter>
    </ClCompile>
    <ClCompile Include="InstNtQueryKey.cpp">
      <Filter>Arquivos de Origem\Strategies</Filter>
    </ClCompile>
    <ClCompile Include="InstNtQueryObject.cpp">
      <Filter>Arquivos de Origem\Strategies</Filter>
    </ClCompile>
    <ClCompile Include="InstNtQueryPerformanceCounter.cpp">
      <Filter>Arquivos de Origem\Strategies</Filter>
    </ClCompile>
    <ClCompile Include="InstNtQuerySystemInformation.cpp">
      <Filter>Arquivos de Origem\Strategies</Filter>
    </ClCompile>
    <ClCompile Include="InstNtQuerySystemTime.cpp">
      <Filter>Arquivos de Origem\Strategies</Filter>
    </ClCompile>
    <ClCompile Include="InstNtQueryVirtualMemory.cpp">
      <Filter>Arquivos de Origem\Strategies</Filter>
    </ClCompile>
    <ClCompile Include="InstNtSetContextThread.cpp">
      <Filter>Arquivos de Origem\Strategies</Filter>
    </ClCompile>
    <ClCompile Include="InstNtSetDebugFilterState.cpp">
      <Filter>Arquivos de Origem\Strategies</Filter>
    </ClCompile>
    <ClCompile Include="InstNtSetInformationProcess.cpp">
      <Filter>Arquivos de Origem\Strategies</Filter>
    </ClCompile>
    <ClCompile Include="InstNtSetInformationThread.cpp">
      <Filter>Arquivos de Origem\Strategies</Filter>
    </ClCompile>
    <ClCompile Include="InstNtUserBuildHwndList.cpp">
      <Filter>Arquivos de Origem\Strategies</Filter>
    </ClCompile>
    <ClCompile Include="InstNtUserFindWindowEx.cpp">
      <Filter>Arquivos de Origem\Strategies</Filter>
    </ClCompile>
    <ClCompile Include="InstNtUserQueryWindow.cpp">
      <Filter>Arquivos de Origem\Strategies</Filter>
    </ClCompile>
    <ClCompile Include="InstNtYieldExecution.cpp">
      <Filter>Arquivos de Origem\Strategies</Filter>
    </ClCompile>
    <ClCompile Include="InstOpenProcess.cpp">
      <Filter>Arquivos de Origem\Strategies</Filter>
    </ClCompile>
    <ClCompile Include="InstOutputDebugStringA.cpp">
      <Filter>Arquivos de Origem\Strategies</Filter>
    </ClCompile>
    <ClCompile Include="InstOutputDebugStringW.cpp">
      <Filter>Arquivos de Origem\Strategies</Filter>
    </ClCompile>
    <ClCompile Include="InstQueryPerformanceCounter.cpp">
      <Filter>Arquivos de Origem\Strategies</Filter>
    </ClCompile>
    <ClCompile Include="InstRegEnumKeyA.cpp">
      <Filter>Arquivos de Origem\Strategies</Filter>
    </ClCompile>
    <ClCompile Include="InstRegEnumKeyExA.cpp">
      <Filter>Arquivos de Origem\Strategies</Filter>
    </ClCompile>
    <ClCompile Include="InstRegEnumKeyExW.cpp">
      <Filter>Arquivos de Origem\Strategies</Filter>
    </ClCompile>
    <ClCompile Include="InstRegEnumKeyW.cpp">
      <Filter>Arquivos de Origem\Strategies</Filter>
    </ClCompile>
    <ClCompile Include="InstRegOpenKeyA.cpp">
      <Filter>Arquivos de Origem\Strategies</Filter>
    </ClCompile>
    <ClCompile Include="InstRegOpenKeyExA.cpp">
      <Filter>Arquivos de Origem\Strategies</Filter>
    </ClCompile>
    <ClCompile Include="InstRegOpenKeyExW.cpp">
      <Filter>Arquivos de Origem\Strategies</Filter>
    </ClCompile>
    <ClCompile Include="InstRegOpenKeyW.cpp">
      <Filter>Arquivos de Origem\Strategies</Filter>
    </ClCompile>
    <ClCompile Include="InstRegQueryValueA.cpp">
      <Filter>Arquivos de Origem\Strategies</Filter>
    </ClCompile>
    <ClCompile Include="InstRegQueryValueExA.cpp">
      <Filter>Arquivos de Origem\Strategies</Filter>
    </ClCompile>
    <ClCompile Include="InstRegQueryValueExW.cpp">
      <Filter>Arquivos de Origem\Strategies</Filter>
    </ClCompile>
    <ClCompile Include="InstRegQueryValueW.cpp">
      <Filter>Arquivos de Origem\Strategies</Filter>
    </ClCompile>
    <ClCompile Include="InstShellExecute.cpp">
      <Filter>Arquivos de Origem\Strategies</Filter>
    </ClCompile>
    <ClCompile Include="InstStartService.cpp">
      <Filter>Arquivos de Origem\Strategies</Filter>
    </ClCompile>
    <ClCompile Include="InstVirtualProtect.cpp">
      <Filter>Arquivos de Origem\Strategies</Filter>
    </ClCompile>
    <ClCompile Include="InstVirtualProtectEx.cpp">
      <Filter>Arquivos de Origem\Strategies</Filter>
    </ClCompile>
    <ClCompile Include="InstWinExec.cpp">
      <Filter>Arquivos de Origem\Strategies</Filter>
    </ClCompile>
    <ClCompile Include="InstWmi.cpp">
      <Filter>Arquivos de Origem\Strategies</Filter>
    </ClCompile>
    <ClCompile Include="InstWmiEx.cpp">
      <Filter>Arquivos de Origem\Strategies</Filter>
    </ClCompile>
    <ClCompile Include="InstNtQueryInformationProcess.cpp">
      <Filter>Arquivos de Origem\Strategies</Filter>
    </ClCompile>
    <ClCompile Include="InstNtOpenKey.cpp">
      <Filter>Arquivos de Origem\Strategies</Filter>
    </ClCompile>
    <ClCompile Include="InstNtQueryValueKey.cpp">
      <Filter>Arquivos de Origem\Strategies</Filter>
    </ClCompile>
    <ClCompile Include="InstShellExecuteEx.cpp">
      <Filter>Arquivos de Origem\Strategies</Filter>
    </ClCompile>
    <ClCompile Include="InstVirtualQuery.cpp">
      <Filter>Arquivos de Origem\Strategies</Filter>
    </ClCompile>
    <ClCompile Include="InstVirtualQueryEx.cpp">
      <Filter>Arquivos de Origem\Strategies</Filter>
    </ClCompile>
    <ClCompile Include="InstCreateFileW.cpp">
      <Filter>Arquivos de Origem\Strategies</Filter>
    </ClCompile>
    <ClCompile Include="TraceInstructions.cpp">
      <Filter>Arquivos de Origem</Filter>
    </ClCompile>
    <ClCompile Include="InstLstrcpynA.cpp">
      <Filter>Arquivos de Origem\Strategies</Filter>
    </ClCompile>
    <ClCompile Include="InstLstrcpy.cpp">
      <Filter>Arquivos de Origem\Strategies</Filter>
    </ClCompile>
    <ClCompile Include="InstWriteConsoleW.cpp">
      <Filter>Arquivos de Origem\Strategies</Filter>
    </ClCompile>
    <ClCompile Include="InstExitProcess.cpp">
      <Filter>Arquivos de Origem\Strategies</Filter>
    </ClCompile>
    <ClCompile Include="InstDeleteFileA.cpp">
      <Filter>Arquivos de Origem\Strategies</Filter>
    </ClCompile>
    <ClCompile Include="InstGetWriteWatch.cpp">
      <Filter>Arquivos de Origem\Strategies</Filter>
    </ClCompile>
    <ClCompile Include="InstructionSequenceDetector.cpp">
      <Filter>Arquivos de Origem</Filter>
    </ClCompile>
    <ClCompile Include="InstRtlGetNativeSystemInformation.cpp">
      <Filter>Arquivos de Origem\Strategies</Filter>
    </ClCompile>
    <ClCompile Include="InstGetCurrentProcess.cpp">
      <Filter>Arquivos de Origem\Strategies</Filter>
    </ClCompile>
    <ClCompile Include="InstGetCurrentThread.cpp">
      <Filter>Arquivos de Origem\Strategies</Filter>
    </ClCompile>
    <ClCompile Include="InstOpenThread.cpp">
      <Filter>Arquivos de Origem\Strategies</Filter>
    </ClCompile>
    <ClCompile Include="InstRtlInstallFunctionTableCallback.cpp">
      <Filter>Arquivos de Origem\Strategies</Filter>
    </ClCompile>
    <ClCompile Include="InstCreateEventW.cpp">
      <Filter>Arquivos de Origem\Strategies</Filter>
    </ClCompile>
    <ClCompile Include="InstCreateThread.cpp">
      <Filter>Arquivos de Origem\Strategies</Filter>
    </ClCompile>
    <ClCompile Include="InstWaitForSingleObject.cpp">
      <Filter>Arquivos de Origem\Strategies</Filter>
    </ClCompile>
    <ClCompile Include="InstSuspendThread.cpp">
      <Filter>Arquivos de Origem\Strategies</Filter>
    </ClCompile>
    <ClCompile Include="InstGetThreadContext.cpp">
      <Filter>Arquivos de Origem\Strategies</Filter>
    </ClCompile>
    <ClCompile Include="InstSetThreadContext.cpp">
      <Filter>Arquivos de Origem\Strategies</Filter>
    </ClCompile>
    <ClCompile Include="InstResumeThread.cpp">
      <Filter>Arquivos de Origem\Strategies</Filter>
    </ClCompile>
    <ClCompile Include="InstSetEvent.cpp">
      <Filter>Arquivos de Origem\Strategies</Filter>
    </ClCompile>
    <ClCompile Include="InstResetEvent.cpp">
      <Filter>Arquivos de Origem\Strategies</Filter>
    </ClCompile>
    <ClCompile Include="InstRtlDeleteFunctionTable.cpp">
      <Filter>Arquivos de Origem\Strategies</Filter>
    </ClCompile>
    <ClCompile Include="InstNtQuerySystemInformationEx.cpp">
      <Filter>Arquivos de Origem\Strategies</Filter>
    </ClCompile>
    <ClCompile Include="InstGetEnvironmentStringsW.cpp">
      <Filter>Arquivos de Origem\Strategies</Filter>
    </ClCompile>
    <ClCompile Include="InstGetEnvironmentVariableW.cpp">
      <Filter>Arquivos de Origem\Strategies</Filter>
    </ClCompile>
    <ClCompile Include="InstGetEnvironmentVariableA.cpp">
      <Filter>Arquivos de Origem\Strategies</Filter>
    </ClCompile>
    <ClCompile Include="CallStackManager.cpp">
      <Filter>Arquivos de Origem</Filter>
    </ClCompile>
    <ClCompile Include="DllFunctionTracker.cpp">
      <Filter>Arquivos de Origem</Filter>
    </ClCompile>
    <ClCompile Include="InstVirtualAlloc.cpp">
      <Filter>Arquivos de Origem\Strategies</Filter>
    </ClCompile>
    <ClCompile Include="InstReadFile.cpp">
      <Filter>Arquivos de Origem\Strategies</Filter>
    </ClCompile>
    <ClCompile Include="InstVirtualFree.cpp">
      <Filter>Arquivos de Origem\Strategies</Filter>
    </ClCompile>
    <ClCompile Include="InstRtlAddFunctionTable.cpp">
      <Filter>Arquivos de Origem\Strategies</Filter>
    </ClCompile>
    <ClCompile Include="InstGetProcAddress.cpp">
      <Filter>Arquivos de Origem\Strategies</Filter>
    </ClCompile>
    <ClCompile Include="InstQueueUserAPC2.cpp">
      <Filter>Arquivos de Origem\Strategies</Filter>
    </ClCompile>
    <ClCompile Include="InstSleepEx.cpp">
      <Filter>Arquivos de Origem\Strategies</Filter>
    </ClCompile>
    <ClCompile Include="InstRtlAddVectoredExceptionHandler.cpp">
      <Filter>Arquivos de Origem\Strategies</Filter>
    </ClCompile>
    <ClCompile Include="InstRaiseException.cpp">
      <Filter>Arquivos de Origem\Strategies</Filter>
    </ClCompile>
    <ClCompile Include="InstRtlRemoveVectoredExceptionHandler.cpp">
      <Filter>Arquivos de Origem\Strategies</Filter>
    </ClCompile>
    <ClCompile Include="InstGetVersionExW.cpp">
      <Filter>Arquivos de Origem\Strategies</Filter>
    </ClCompile>
    <ClCompile Include="InstNtdllDefWindowProc_W.cpp">
      <Filter>Arquivos de Origem\Strategies</Filter>
    </ClCompile>
    <ClCompile Include="InstCreateToolhelp32Snapshot.cpp">
      <Filter>Arquivos de Origem\Strategies</Filter>
    </ClCompile>
    <ClCompile Include="InstGetFileSizeEx.cpp">
      <Filter>Arquivos de Origem\Strategies</Filter>
    </ClCompile>
    <ClCompile Include="InstSetFilePointerEx.cpp">
      <Filter>Arquivos de Origem\Strategies</Filter>
    </ClCompile>
    <ClCompile Include="InstQueryDosDeviceW.cpp">
      <Filter>Arquivos de Origem\Strategies</Filter>
    </ClCompile>
    <ClCompile Include="InstGetSystemFirmwareTable.cpp">
      <Filter>Arquivos de Origem\Strategies</Filter>
    </ClCompile>
    <ClCompile Include="InstBasepConstructSxsCreateProcessMessage.cpp">
      <Filter>Arquivos de Origem\Strategies</Filter>
    </ClCompile>
    <ClCompile Include="InstGetVolumePathNameW.cpp">
      <Filter>Arquivos de Origem\Strategies</Filter>
    </ClCompile>
    <ClCompile Include="InstDeviceIoControl.cpp">
      <Filter>Arquivos de Origem\Strategies</Filter>
    </ClCompile>
    <ClCompile Include="InstRtlQueryPerformanceCounter.cpp">
      <Filter>Arquivos de Origem\Strategies</Filter>
    </ClCompile>
    <ClCompile Include="InstGetCommandLineA.cpp">
      <Filter>Arquivos de Origem\Strategies</Filter>
    </ClCompile>
    <ClCompile Include="InstGetCommandLineW.cpp">
      <Filter>Arquivos de Origem\Strategies</Filter>
    </ClCompile>
    <ClCompile Include="InstGetComputerNameA.cpp">
      <Filter>Arquivos de Origem\Strategies</Filter>
    </ClCompile>
    <ClCompile Include="InstLCMapStringEx.cpp">
      <Filter>Arquivos de Origem\Strategies</Filter>
    </ClCompile>
    <ClCompile Include="InstWriteFile.cpp">
      <Filter>Arquivos de Origem\Strategies</Filter>
    </ClCompile>
    <ClCompile Include="InstCompareStringEx.cpp">
      <Filter>Arquivos de Origem\Strategies</Filter>
    </ClCompile>
    <ClCompile Include="DllFunctionMapper.h">
      <Filter>Arquivos de Cabeçalho</Filter>
    </ClCompile>
    <ClCompile Include="DllFunctionMapper.cpp">
      <Filter>Arquivos de Origem</Filter>
    </ClCompile>
    <ClCompile Include="ContextOperations.cpp">
      <Filter>Arquivos de Origem</Filter>
    </ClCompile>
    <ClCompile Include="InstrumentationCallbacks.cpp">
      <Filter>Arquivos de Origem</Filter>
    </ClCompile>
    <ClCompile Include="InstrumentationUtils.cpp">
      <Filter>Arquivos de Origem</Filter>
    </ClCompile>
    <ClCompile Include="TraceMemory.cpp">
      <Filter>Arquivos de Origem</Filter>
    </ClCompile>
    <ClCompile Include="TraceFcnCall.cpp">
      <Filter>Arquivos de Origem</Filter>
    </ClCompile>
    <ClCompile Include="TraceDisassembly.cpp">
      <Filter>Arquivos de Origem</Filter>
    </ClCompile>
    <ClCompile Include="FunctionInterceptor.cpp">
      <Filter>Arquivos de Origem</Filter>
    </ClCompile>
    <ClCompile Include="TestSeqInst.cpp">
      <Filter>Arquivos de Origem</Filter>
    </ClCompile>
    <ClCompile Include="InitParams.cpp">
      <Filter>Arquivos de Origem</Filter>
    </ClCompile>
    <ClCompile Include="InstEnumSystemFirmwareTables.cpp">
      <Filter>Arquivos de Origem\Strategies</Filter>
    </ClCompile>
    <ClCompile Include="InstRtlAllocateHeap.cpp">
      <Filter>Arquivos de Origem\Strategies</Filter>
    </ClCompile>
    <ClCompile Include="HeapTracker.cpp">
      <Filter>Arquivos de Origem</Filter>
    </ClCompile>
    <ClCompile Include="SectionTracker.cpp">
      <Filter>Arquivos de Origem</Filter>
    </ClCompile>
  </ItemGroup>
  <ItemGroup>
    <ClInclude Include="InstrumentationStrategy.h">
      <Filter>Arquivos de Cabeçalho</Filter>
    </ClInclude>
    <ClInclude Include="NtStructures.h">
      <Filter>Arquivos de Cabeçalho</Filter>
    </ClInclude>
    <ClInclude Include="Utils.h">
      <Filter>Arquivos de Cabeçalho</Filter>
    </ClInclude>
    <ClInclude Include="CallContext.h">
      <Filter>Arquivos de Cabeçalho</Filter>
    </ClInclude>
    <ClInclude Include="Observer.h">
      <Filter>Arquivos de Cabeçalho</Filter>
    </ClInclude>
    <ClInclude Include="Notifier.h">
      <Filter>Arquivos de Cabeçalho</Filter>
    </ClInclude>
    <ClInclude Include="EventData.h">
      <Filter>Arquivos de Cabeçalho</Filter>
    </ClInclude>
    <ClInclude Include="Instrumentation.h">
      <Filter>Arquivos de Cabeçalho</Filter>
    </ClInclude>
    <ClInclude Include="RegistryKeys.h">
      <Filter>Arquivos de Cabeçalho</Filter>
    </ClInclude>
    <ClInclude Include="RegistryErrors.h">
      <Filter>Arquivos de Cabeçalho</Filter>
    </ClInclude>
    <ClInclude Include="ModulesDetection.h">
      <Filter>Arquivos de Cabeçalho</Filter>
    </ClInclude>
    <ClInclude Include="YaraContradef.h">
      <Filter>Arquivos de Cabeçalho</Filter>
    </ClInclude>
    <ClInclude Include="InstBaseRegEnumKey.h">
      <Filter>Arquivos de Cabeçalho\Strategies</Filter>
    </ClInclude>
    <ClInclude Include="InstBaseRegOpenKey.h">
      <Filter>Arquivos de Cabeçalho\Strategies</Filter>
    </ClInclude>
    <ClInclude Include="InstBlockInput.h">
      <Filter>Arquivos de Cabeçalho\Strategies</Filter>
    </ClInclude>
    <ClInclude Include="InstCheckRemoteDebuggerPresent.h">
      <Filter>Arquivos de Cabeçalho\Strategies</Filter>
    </ClInclude>
    <ClInclude Include="InstCoCreateInstance.h">
      <Filter>Arquivos de Cabeçalho\Strategies</Filter>
    </ClInclude>
    <ClInclude Include="InstCreateProcess.h">
      <Filter>Arquivos de Cabeçalho\Strategies</Filter>
    </ClInclude>
    <ClInclude Include="InstCreateProcessAsUser.h">
      <Filter>Arquivos de Cabeçalho\Strategies</Filter>
    </ClInclude>
    <ClInclude Include="InstCreateService.h">
      <Filter>Arquivos de Cabeçalho\Strategies</Filter>
    </ClInclude>
    <ClInclude Include="InstEnumProcessModules.h">
      <Filter>Arquivos de Cabeçalho\Strategies</Filter>
    </ClInclude>
    <ClInclude Include="InstEnumProcessModulesEx.h">
      <Filter>Arquivos de Cabeçalho\Strategies</Filter>
    </ClInclude>
    <ClInclude Include="InstFindWindowA.h">
      <Filter>Arquivos de Cabeçalho\Strategies</Filter>
    </ClInclude>
    <ClInclude Include="InstFindWindowW.h">
      <Filter>Arquivos de Cabeçalho\Strategies</Filter>
    </ClInclude>
    <ClInclude Include="InstGetForegroundWindow.h">
      <Filter>Arquivos de Cabeçalho\Strategies</Filter>
    </ClInclude>
    <ClInclude Include="InstGetLocalTime.h">
      <Filter>Arquivos de Cabeçalho\Strategies</Filter>
    </ClInclude>
    <ClInclude Include="InstGetModuleFileNameA.h">
      <Filter>Arquivos de Cabeçalho\Strategies</Filter>
    </ClInclude>
    <ClInclude Include="InstGetModuleFileNameExA.h">
      <Filter>Arquivos de Cabeçalho\Strategies</Filter>
    </ClInclude>
    <ClInclude Include="InstGetModuleFileNameExW.h">
      <Filter>Arquivos de Cabeçalho\Strategies</Filter>
    </ClInclude>
    <ClInclude Include="InstGetModuleFileNameW.h">
      <Filter>Arquivos de Cabeçalho\Strategies</Filter>
    </ClInclude>
    <ClInclude Include="InstGetModuleHandleA.h">
      <Filter>Arquivos de Cabeçalho\Strategies</Filter>
    </ClInclude>
    <ClInclude Include="InstGetModuleHandleW.h">
      <Filter>Arquivos de Cabeçalho\Strategies</Filter>
    </ClInclude>
    <ClInclude Include="InstGetSystemTime.h">
      <Filter>Arquivos de Cabeçalho\Strategies</Filter>
    </ClInclude>
    <ClInclude Include="InstGetTickCount.h">
      <Filter>Arquivos de Cabeçalho\Strategies</Filter>
    </ClInclude>
    <ClInclude Include="InstGetTickCount64.h">
      <Filter>Arquivos de Cabeçalho\Strategies</Filter>
    </ClInclude>
    <ClInclude Include="InstGetWindowTextA.h">
      <Filter>Arquivos de Cabeçalho\Strategies</Filter>
    </ClInclude>
    <ClInclude Include="InstGetWindowTextW.h">
      <Filter>Arquivos de Cabeçalho\Strategies</Filter>
    </ClInclude>
    <ClInclude Include="InstIsDebuggerPresent.h">
      <Filter>Arquivos de Cabeçalho\Strategies</Filter>
    </ClInclude>
    <ClInclude Include="InstKiUserExceptionDispatcher.h">
      <Filter>Arquivos de Cabeçalho\Strategies</Filter>
    </ClInclude>
    <ClInclude Include="InstLoadLibrary.h">
      <Filter>Arquivos de Cabeçalho\Strategies</Filter>
    </ClInclude>
    <ClInclude Include="InstLoadLibraryEx.h">
      <Filter>Arquivos de Cabeçalho\Strategies</Filter>
    </ClInclude>
    <ClInclude Include="InstNtClose.h">
      <Filter>Arquivos de Cabeçalho\Strategies</Filter>
    </ClInclude>
    <ClInclude Include="InstNtContinue.h">
      <Filter>Arquivos de Cabeçalho\Strategies</Filter>
    </ClInclude>
    <ClInclude Include="InstNtCreateProcessEx.h">
      <Filter>Arquivos de Cabeçalho\Strategies</Filter>
    </ClInclude>
    <ClInclude Include="InstNtCreateThreadEx.h">
      <Filter>Arquivos de Cabeçalho\Strategies</Filter>
    </ClInclude>
    <ClInclude Include="InstNtCreateTimer2.h">
      <Filter>Arquivos de Cabeçalho\Strategies</Filter>
    </ClInclude>
    <ClInclude Include="InstNtEnumKey.h">
      <Filter>Arquivos de Cabeçalho\Strategies</Filter>
    </ClInclude>
    <ClInclude Include="InstNtGetContextThread.h">
      <Filter>Arquivos de Cabeçalho\Strategies</Filter>
    </ClInclude>
    <ClInclude Include="InstNtOpenProcess.h">
      <Filter>Arquivos de Cabeçalho\Strategies</Filter>
    </ClInclude>
    <ClInclude Include="InstNtQueryInformationThread.h">
      <Filter>Arquivos de Cabeçalho\Strategies</Filter>
    </ClInclude>
    <ClInclude Include="InstNtQueryKey.h">
      <Filter>Arquivos de Cabeçalho\Strategies</Filter>
    </ClInclude>
    <ClInclude Include="InstNtQueryObject.h">
      <Filter>Arquivos de Cabeçalho\Strategies</Filter>
    </ClInclude>
    <ClInclude Include="InstNtQueryPerformanceCounter.h">
      <Filter>Arquivos de Cabeçalho\Strategies</Filter>
    </ClInclude>
    <ClInclude Include="InstNtQuerySystemInformation.h">
      <Filter>Arquivos de Cabeçalho\Strategies</Filter>
    </ClInclude>
    <ClInclude Include="InstNtQuerySystemTime.h">
      <Filter>Arquivos de Cabeçalho\Strategies</Filter>
    </ClInclude>
    <ClInclude Include="InstNtSetContextThread.h">
      <Filter>Arquivos de Cabeçalho\Strategies</Filter>
    </ClInclude>
    <ClInclude Include="InstNtSetDebugFilterState.h">
      <Filter>Arquivos de Cabeçalho\Strategies</Filter>
    </ClInclude>
    <ClInclude Include="InstNtSetInformationProcess.h">
      <Filter>Arquivos de Cabeçalho\Strategies</Filter>
    </ClInclude>
    <ClInclude Include="InstNtSetInformationThread.h">
      <Filter>Arquivos de Cabeçalho\Strategies</Filter>
    </ClInclude>
    <ClInclude Include="InstNtUserBuildHwndList.h">
      <Filter>Arquivos de Cabeçalho\Strategies</Filter>
    </ClInclude>
    <ClInclude Include="InstNtUserFindWindowEx.h">
      <Filter>Arquivos de Cabeçalho\Strategies</Filter>
    </ClInclude>
    <ClInclude Include="InstNtUserQueryWindow.h">
      <Filter>Arquivos de Cabeçalho\Strategies</Filter>
    </ClInclude>
    <ClInclude Include="InstNtYieldExecution.h">
      <Filter>Arquivos de Cabeçalho\Strategies</Filter>
    </ClInclude>
    <ClInclude Include="InstOpenProcess.h">
      <Filter>Arquivos de Cabeçalho\Strategies</Filter>
    </ClInclude>
    <ClInclude Include="InstOutputDebugStringA.h">
      <Filter>Arquivos de Cabeçalho\Strategies</Filter>
    </ClInclude>
    <ClInclude Include="InstOutputDebugStringW.h">
      <Filter>Arquivos de Cabeçalho\Strategies</Filter>
    </ClInclude>
    <ClInclude Include="InstQueryPerformanceCounter.h">
      <Filter>Arquivos de Cabeçalho\Strategies</Filter>
    </ClInclude>
    <ClInclude Include="InstRegEnumKeyA.h">
      <Filter>Arquivos de Cabeçalho\Strategies</Filter>
    </ClInclude>
    <ClInclude Include="InstRegEnumKeyExA.h">
      <Filter>Arquivos de Cabeçalho\Strategies</Filter>
    </ClInclude>
    <ClInclude Include="InstRegEnumKeyExW.h">
      <Filter>Arquivos de Cabeçalho\Strategies</Filter>
    </ClInclude>
    <ClInclude Include="InstRegEnumKeyW.h">
      <Filter>Arquivos de Cabeçalho\Strategies</Filter>
    </ClInclude>
    <ClInclude Include="InstRegOpenKeyA.h">
      <Filter>Arquivos de Cabeçalho\Strategies</Filter>
    </ClInclude>
    <ClInclude Include="InstRegOpenKeyExA.h">
      <Filter>Arquivos de Cabeçalho\Strategies</Filter>
    </ClInclude>
    <ClInclude Include="InstRegOpenKeyExW.h">
      <Filter>Arquivos de Cabeçalho\Strategies</Filter>
    </ClInclude>
    <ClInclude Include="InstRegOpenKeyW.h">
      <Filter>Arquivos de Cabeçalho\Strategies</Filter>
    </ClInclude>
    <ClInclude Include="InstRegQueryValueA.h">
      <Filter>Arquivos de Cabeçalho\Strategies</Filter>
    </ClInclude>
    <ClInclude Include="InstRegQueryValueExA.h">
      <Filter>Arquivos de Cabeçalho\Strategies</Filter>
    </ClInclude>
    <ClInclude Include="InstRegQueryValueExW.h">
      <Filter>Arquivos de Cabeçalho\Strategies</Filter>
    </ClInclude>
    <ClInclude Include="InstRegQueryValueW.h">
      <Filter>Arquivos de Cabeçalho\Strategies</Filter>
    </ClInclude>
    <ClInclude Include="InstShellExecute.h">
      <Filter>Arquivos de Cabeçalho\Strategies</Filter>
    </ClInclude>
    <ClInclude Include="InstStartService.h">
      <Filter>Arquivos de Cabeçalho\Strategies</Filter>
    </ClInclude>
    <ClInclude Include="InstVirtualProtect.h">
      <Filter>Arquivos de Cabeçalho\Strategies</Filter>
    </ClInclude>
    <ClInclude Include="InstVirtualProtectEx.h">
      <Filter>Arquivos de Cabeçalho\Strategies</Filter>
    </ClInclude>
    <ClInclude Include="InstWinExec.h">
      <Filter>Arquivos de Cabeçalho\Strategies</Filter>
    </ClInclude>
    <ClInclude Include="InstWmi.h">
      <Filter>Arquivos de Cabeçalho\Strategies</Filter>
    </ClInclude>
    <ClInclude Include="InstWmiEx.h">
      <Filter>Arquivos de Cabeçalho\Strategies</Filter>
    </ClInclude>
    <ClInclude Include="InstNtQueryInformationProcess.h">
      <Filter>Arquivos de Cabeçalho\Strategies</Filter>
    </ClInclude>
    <ClInclude Include="InstNtOpenKey.h">
      <Filter>Arquivos de Cabeçalho\Strategies</Filter>
    </ClInclude>
    <ClInclude Include="InstNtQueryValueKey.h">
      <Filter>Arquivos de Cabeçalho\Strategies</Filter>
    </ClInclude>
    <ClInclude Include="InstShellExecuteEx.h">
      <Filter>Arquivos de Cabeçalho\Strategies</Filter>
    </ClInclude>
    <ClInclude Include="InstVirtualQuery.h">
      <Filter>Arquivos de Cabeçalho\Strategies</Filter>
    </ClInclude>
    <ClInclude Include="InstVirtualQueryEx.h">
      <Filter>Arquivos de Cabeçalho\Strategies</Filter>
    </ClInclude>
    <ClInclude Include="InstCreateFileW.h">
      <Filter>Arquivos de Cabeçalho\Strategies</Filter>
    </ClInclude>
    <ClInclude Include="TraceInstructions.h">
      <Filter>Arquivos de Cabeçalho</Filter>
    </ClInclude>
    <ClInclude Include="InstLstrcpynA.h">
      <Filter>Arquivos de Cabeçalho\Strategies</Filter>
    </ClInclude>
    <ClInclude Include="InstLstrcpy.h">
      <Filter>Arquivos de Cabeçalho\Strategies</Filter>
    </ClInclude>
    <ClInclude Include="InstWriteConsoleW.h">
      <Filter>Arquivos de Cabeçalho\Strategies</Filter>
    </ClInclude>
    <ClInclude Include="InstExitProcess.h">
      <Filter>Arquivos de Cabeçalho\Strategies</Filter>
    </ClInclude>
    <ClInclude Include="InstDeleteFileA.h">
      <Filter>Arquivos de Cabeçalho\Strategies</Filter>
    </ClInclude>
    <ClInclude Include="InstGetWriteWatch.h">
      <Filter>Arquivos de Cabeçalho\Strategies</Filter>
    </ClInclude>
    <ClInclude Include="InstructionSequenceDetector.h">
      <Filter>Arquivos de Cabeçalho</Filter>
    </ClInclude>
    <ClInclude Include="InstRtlGetNativeSystemInformation.h">
      <Filter>Arquivos de Cabeçalho\Strategies</Filter>
    </ClInclude>
    <ClInclude Include="InstGetCurrentProcess.h">
      <Filter>Arquivos de Cabeçalho\Strategies</Filter>
    </ClInclude>
    <ClInclude Include="InstGetCurrentThread.h">
      <Filter>Arquivos de Cabeçalho\Strategies</Filter>
    </ClInclude>
    <ClInclude Include="InstOpenThread.h">
      <Filter>Arquivos de Cabeçalho\Strategies</Filter>
    </ClInclude>
    <ClInclude Include="InstRtlInstallFunctionTableCallback.h">
      <Filter>Arquivos de Cabeçalho\Strategies</Filter>
    </ClInclude>
    <ClInclude Include="InstCreateEventW.h">
      <Filter>Arquivos de Cabeçalho\Strategies</Filter>
    </ClInclude>
    <ClInclude Include="InstCreateThread.h">
      <Filter>Arquivos de Cabeçalho\Strategies</Filter>
    </ClInclude>
    <ClInclude Include="InstWaitForSingleObject.h">
      <Filter>Arquivos de Cabeçalho\Strategies</Filter>
    </ClInclude>
    <ClInclude Include="InstSuspendThread.h">
      <Filter>Arquivos de Cabeçalho\Strategies</Filter>
    </ClInclude>
    <ClInclude Include="InstGetThreadContext.h">
      <Filter>Arquivos de Cabeçalho\Strategies</Filter>
    </ClInclude>
    <ClInclude Include="InstSetThreadContext.h">
      <Filter>Arquivos de Cabeçalho\Strategies</Filter>
    </ClInclude>
    <ClInclude Include="InstResumeThread.h">
      <Filter>Arquivos de Cabeçalho\Strategies</Filter>
    </ClInclude>
    <ClInclude Include="InstSetEvent.h">
      <Filter>Arquivos de Cabeçalho\Strategies</Filter>
    </ClInclude>
    <ClInclude Include="InstResetEvent.h">
      <Filter>Arquivos de Cabeçalho\Strategies</Filter>
    </ClInclude>
    <ClInclude Include="InstRtlDeleteFunctionTable.h">
      <Filter>Arquivos de Cabeçalho\Strategies</Filter>
    </ClInclude>
    <ClInclude Include="InstNtQuerySystemInformationEx.h">
      <Filter>Arquivos de Cabeçalho\Strategies</Filter>
    </ClInclude>
    <ClInclude Include="InstGetEnvironmentStringsW.h">
      <Filter>Arquivos de Cabeçalho\Strategies</Filter>
    </ClInclude>
    <ClInclude Include="InstGetEnvironmentVariableW.h">
      <Filter>Arquivos de Cabeçalho\Strategies</Filter>
    </ClInclude>
    <ClInclude Include="InstGetEnvironmentVariableA.h">
      <Filter>Arquivos de Cabeçalho\Strategies</Filter>
    </ClInclude>
    <ClInclude Include="CallStackManager.h">
      <Filter>Arquivos de Cabeçalho</Filter>
    </ClInclude>
    <ClInclude Include="DllFunctionTracker.h">
      <Filter>Arquivos de Cabeçalho</Filter>
    </ClInclude>
    <ClInclude Include="InstVirtualAlloc.h">
      <Filter>Arquivos de Cabeçalho\Strategies</Filter>
    </ClInclude>
    <ClInclude Include="InstReadFile.h">
      <Filter>Arquivos de Cabeçalho\Strategies</Filter>
    </ClInclude>
    <ClInclude Include="InstVirtualFree.h">
      <Filter>Arquivos de Cabeçalho\Strategies</Filter>
    </ClInclude>
    <ClInclude Include="InstRtlAddFunctionTable.h">
      <Filter>Arquivos de Cabeçalho\Strategies</Filter>
    </ClInclude>
    <ClInclude Include="InstGetProcAddress.h">
      <Filter>Arquivos de Cabeçalho\Strategies</Filter>
    </ClInclude>
    <ClInclude Include="InstQueueUserAPC2.h">
      <Filter>Arquivos de Cabeçalho\Strategies</Filter>
    </ClInclude>
    <ClInclude Include="InstSleepEx.h">
      <Filter>Arquivos de Cabeçalho\Strategies</Filter>
    </ClInclude>
    <ClInclude Include="InstRtlAddVectoredExceptionHandler.h">
      <Filter>Arquivos de Cabeçalho\Strategies</Filter>
    </ClInclude>
    <ClInclude Include="InstRaiseException.h">
      <Filter>Arquivos de Cabeçalho\Strategies</Filter>
    </ClInclude>
    <ClInclude Include="InstRtlRemoveVectoredExceptionHandler.h">
      <Filter>Arquivos de Cabeçalho\Strategies</Filter>
    </ClInclude>
    <ClInclude Include="InstGetVersionExW.h">
      <Filter>Arquivos de Cabeçalho\Strategies</Filter>
    </ClInclude>
    <ClInclude Include="InstNtdllDefWindowProc_W.h">
      <Filter>Arquivos de Cabeçalho\Strategies</Filter>
    </ClInclude>
    <ClInclude Include="InstCreateToolhelp32Snapshot.h">
      <Filter>Arquivos de Cabeçalho\Strategies</Filter>
    </ClInclude>
    <ClInclude Include="InstGetFileSizeEx.h">
      <Filter>Arquivos de Cabeçalho\Strategies</Filter>
    </ClInclude>
    <ClInclude Include="InstSetFilePointerEx.h">
      <Filter>Arquivos de Cabeçalho\Strategies</Filter>
    </ClInclude>
    <ClInclude Include="InstQueryDosDeviceW.h">
      <Filter>Arquivos de Cabeçalho\Strategies</Filter>
    </ClInclude>
    <ClInclude Include="InstGetSystemFirmwareTable.h">
      <Filter>Arquivos de Cabeçalho\Strategies</Filter>
    </ClInclude>
    <ClInclude Include="InstBasepConstructSxsCreateProcessMessage.h">
      <Filter>Arquivos de Cabeçalho\Strategies</Filter>
    </ClInclude>
    <ClInclude Include="InstGetVolumePathNameW.h">
      <Filter>Arquivos de Cabeçalho\Strategies</Filter>
    </ClInclude>
    <ClInclude Include="InstDeviceIoControl.h">
      <Filter>Arquivos de Cabeçalho\Strategies</Filter>
    </ClInclude>
    <ClInclude Include="InstRtlQueryPerformanceCounter.h">
      <Filter>Arquivos de Cabeçalho\Strategies</Filter>
    </ClInclude>
    <ClInclude Include="InstGetCommandLineA.h">
      <Filter>Arquivos de Cabeçalho\Strategies</Filter>
    </ClInclude>
    <ClInclude Include="InstGetCommandLineW.h">
      <Filter>Arquivos de Cabeçalho\Strategies</Filter>
    </ClInclude>
    <ClInclude Include="InstGetComputerNameA.h">
      <Filter>Arquivos de Cabeçalho\Strategies</Filter>
    </ClInclude>
    <ClInclude Include="InstLCMapStringEx.h">
      <Filter>Arquivos de Cabeçalho\Strategies</Filter>
    </ClInclude>
    <ClInclude Include="InstWriteFile.h">
      <Filter>Arquivos de Cabeçalho\Strategies</Filter>
    </ClInclude>
    <ClInclude Include="InstCompareStringEx.h">
      <Filter>Arquivos de Cabeçalho\Strategies</Filter>
    </ClInclude>
    <ClInclude Include="ContextOperations.h">
      <Filter>Arquivos de Cabeçalho</Filter>
    </ClInclude>
    <ClInclude Include="InstrumentationUtils.h">
      <Filter>Arquivos de Cabeçalho</Filter>
    </ClInclude>
    <ClInclude Include="InstrumentationCallbacks.h">
      <Filter>Arquivos de Cabeçalho</Filter>
    </ClInclude>
    <ClInclude Include="TraceMemory.h">
      <Filter>Arquivos de Cabeçalho</Filter>
    </ClInclude>
    <ClInclude Include="TraceFcnCall.h">
      <Filter>Arquivos de Cabeçalho</Filter>
    </ClInclude>
    <ClInclude Include="TraceDisassembly.h">
      <Filter>Arquivos de Cabeçalho</Filter>
    </ClInclude>
    <ClInclude Include="FunctionInterceptor.h">
      <Filter>Arquivos de Cabeçalho</Filter>
    </ClInclude>
    <ClInclude Include="TestSeqInst.h">
      <Filter>Arquivos de Cabeçalho</Filter>
    </ClInclude>
    <ClInclude Include="EvasiveRetDetector.h">
      <Filter>Arquivos de Cabeçalho</Filter>
    </ClInclude>
    <ClInclude Include="InitParams.h">
      <Filter>Arquivos de Cabeçalho</Filter>
    </ClInclude>
    <ClInclude Include="InstEnumSystemFirmwareTables.h">
      <Filter>Arquivos de Cabeçalho\Strategies</Filter>
    </ClInclude>
    <ClInclude Include="InstRtlAllocateHeap.h">
      <Filter>Arquivos de Cabeçalho\Strategies</Filter>
    </ClInclude>
    <ClInclude Include="HeapTracker.h">
      <Filter>Arquivos de Cabeçalho</Filter>
    </ClInclude>
    <ClInclude Include="SectionTracker.h">
      <Filter>Arquivos de Cabeçalho</Filter>
    </ClInclude>
  </ItemGroup>
  <ItemGroup>
    <None Include="ClassDiagram.cd" />
  </ItemGroup>
</Project>